
Microsoft Visual Studio Solution File, Format Version 12.00
# Visual Studio Version 16
VisualStudioVersion = 16.0.30128.74
MinimumVisualStudioVersion = 10.0.40219.1
Project("{FAE04EC0-301F-11D3-BF4B-00C04F79EFBC}") = "Exemplos_While_For", "Exemplos_While_For\Exemplos_While_For.csproj", "{A43E7A10-795A-4394-A852-B9A53EC17FDA}"
EndProject
Global
	GlobalSection(SolutionConfigurationPlatforms) = preSolution
		Debug|Any CPU = Debug|Any CPU
		Release|Any CPU = Release|Any CPU
	EndGlobalSection
	GlobalSection(ProjectConfigurationPlatforms) = postSolution
		{A43E7A10-795A-4394-A852-B9A53EC17FDA}.Debug|Any CPU.ActiveCfg = Debug|Any CPU
		{A43E7A10-795A-4394-A852-B9A53EC17FDA}.Debug|Any CPU.Build.0 = Debug|Any CPU
		{A43E7A10-795A-4394-A852-B9A53EC17FDA}.Release|Any CPU.ActiveCfg = Release|Any CPU
		{A43E7A10-795A-4394-A852-B9A53EC17FDA}.Release|Any CPU.Build.0 = Release|Any CPU
	EndGlobalSection
	GlobalSection(SolutionProperties) = preSolution
		HideSolutionNode = FALSE
	EndGlobalSection
	GlobalSection(ExtensibilityGlobals) = postSolution
		SolutionGuid = {E9B28E3B-345A-46F6-B040-7E794F860377}
	EndGlobalSection
EndGlobal
